<Solution>
  <Project Path="NativeToolkit.Runtime.csproj" />
  <Project Path="Assembly-CSharp.csproj" />
  <Project Path="NativeToolkit.BuildTools.Editor.csproj" />
  <Project Path="NativeToolkit.BuildProcessors.Editor.csproj" />
  <Project Path="Assembly-CSharp-Editor.csproj" />
  <Project Path="NativeToolkit.Editor.csproj" />
  <Project Path="NativeToolkit.Runtime.Tests.csproj" />
</Solution>
